
Microsoft Visual Studio Solution File, Format Version 12.00
# Visual Studio 15
VisualStudioVersion = 15.0.27130.2036
MinimumVisualStudioVersion = 10.0.40219.1
Project("{9A19103F-16F7-4668-BE54-9A1E7A4F7556}") = "iKCoderSDK", "..\..\Sdk\iKCoderSDK\iKCoderSDK.csproj", "{C4016923-223D-4989-B5BA-784735F3D9D7}"
EndProject
Project("{9A19103F-16F7-4668-BE54-9A1E7A4F7556}") = "CoreInit", "..\..\CoreInit\CoreInit\CoreInit.csproj", "{96EC7F83-D9E5-4AB3-B46A-94466B65C50C}"
EndProject
Project("{9A19103F-16F7-4668-BE54-9A1E7A4F7556}") = "CoreM", "..\..\CoreM\CoreM\CoreM.csproj", "{EC5D4CF4-249F-44FE-8C21-C8E9C44BDB2E}"
EndProject
Project("{9A19103F-16F7-4668-BE54-9A1E7A4F7556}") = "CoreBasic", "..\..\Api\CoreBasic\CoreBasic.csproj", "{91D187A1-8707-41D7-9DA8-2D7AC1970EBC}"
EndProject
Project("{9A19103F-16F7-4668-BE54-9A1E7A4F7556}") = "iKCoderComps", "..\..\Comp\iKCoderComps\iKCoderComps\iKCoderComps.csproj", "{14F76E0B-B29D-4D0F-AB18-77716A25C03C}"
EndProject
Project("{9A19103F-16F7-4668-BE54-9A1E7A4F7556}") = "AppMain", "..\..\Api\AppMain\AppMain.csproj", "{0B623326-A50C-429E-A96B-3E302D81CE24}"
EndProject
Global
	GlobalSection(SolutionConfigurationPlatforms) = preSolution
		Debug|Any CPU = Debug|Any CPU
		Release|Any CPU = Release|Any CPU
	EndGlobalSection
	GlobalSection(ProjectConfigurationPlatforms) = postSolution
		{C4016923-223D-4989-B5BA-784735F3D9D7}.Debug|Any CPU.ActiveCfg = Debug|Any CPU
		{C4016923-223D-4989-B5BA-784735F3D9D7}.Debug|Any CPU.Build.0 = Debug|Any CPU
		{C4016923-223D-4989-B5BA-784735F3D9D7}.Release|Any CPU.ActiveCfg = Release|Any CPU
		{C4016923-223D-4989-B5BA-784735F3D9D7}.Release|Any CPU.Build.0 = Release|Any CPU
		{96EC7F83-D9E5-4AB3-B46A-94466B65C50C}.Debug|Any CPU.ActiveCfg = Debug|Any CPU
		{96EC7F83-D9E5-4AB3-B46A-94466B65C50C}.Debug|Any CPU.Build.0 = Debug|Any CPU
		{96EC7F83-D9E5-4AB3-B46A-94466B65C50C}.Release|Any CPU.ActiveCfg = Release|Any CPU
		{96EC7F83-D9E5-4AB3-B46A-94466B65C50C}.Release|Any CPU.Build.0 = Release|Any CPU
		{EC5D4CF4-249F-44FE-8C21-C8E9C44BDB2E}.Debug|Any CPU.ActiveCfg = Debug|Any CPU
		{EC5D4CF4-249F-44FE-8C21-C8E9C44BDB2E}.Debug|Any CPU.Build.0 = Debug|Any CPU
		{EC5D4CF4-249F-44FE-8C21-C8E9C44BDB2E}.Release|Any CPU.ActiveCfg = Release|Any CPU
		{EC5D4CF4-249F-44FE-8C21-C8E9C44BDB2E}.Release|Any CPU.Build.0 = Release|Any CPU
		{91D187A1-8707-41D7-9DA8-2D7AC1970EBC}.Debug|Any CPU.ActiveCfg = Debug|Any CPU
		{91D187A1-8707-41D7-9DA8-2D7AC1970EBC}.Debug|Any CPU.Build.0 = Debug|Any CPU
		{91D187A1-8707-41D7-9DA8-2D7AC1970EBC}.Release|Any CPU.ActiveCfg = Release|Any CPU
		{91D187A1-8707-41D7-9DA8-2D7AC1970EBC}.Release|Any CPU.Build.0 = Release|Any CPU
		{14F76E0B-B29D-4D0F-AB18-77716A25C03C}.Debug|Any CPU.ActiveCfg = Debug|Any CPU
		{14F76E0B-B29D-4D0F-AB18-77716A25C03C}.Debug|Any CPU.Build.0 = Debug|Any CPU
		{14F76E0B-B29D-4D0F-AB18-77716A25C03C}.Release|Any CPU.ActiveCfg = Release|Any CPU
		{14F76E0B-B29D-4D0F-AB18-77716A25C03C}.Release|Any CPU.Build.0 = Release|Any CPU
		{0B623326-A50C-429E-A96B-3E302D81CE24}.Debug|Any CPU.ActiveCfg = Debug|Any CPU
		{0B623326-A50C-429E-A96B-3E302D81CE24}.Debug|Any CPU.Build.0 = Debug|Any CPU
		{0B623326-A50C-429E-A96B-3E302D81CE24}.Release|Any CPU.ActiveCfg = Release|Any CPU
		{0B623326-A50C-429E-A96B-3E302D81CE24}.Release|Any CPU.Build.0 = Release|Any CPU
	EndGlobalSection
	GlobalSection(SolutionProperties) = preSolution
		HideSolutionNode = FALSE
	EndGlobalSection
	GlobalSection(ExtensibilityGlobals) = postSolution
		SolutionGuid = {724EA53C-1E16-49AD-B010-B9155E82A2E8}
	EndGlobalSection
EndGlobal
