
Microsoft Visual Studio Solution File, Format Version 12.00
# Visual Studio 15
VisualStudioVersion = 15.0.27130.2036
MinimumVisualStudioVersion = 10.0.40219.1
Project("{9A19103F-16F7-4668-BE54-9A1E7A4F7556}") = "iKCoderSDK", "..\..\Sdk\iKCoderSDK\iKCoderSDK.csproj", "{C4016923-223D-4989-B5BA-784735F3D9D7}"
EndProject
Project("{FAE04EC0-301F-11D3-BF4B-00C04F79EFBC}") = "CoreInit", "..\..\CoreInit\CoreInit\CoreInit.csproj", "{96EC7F83-D9E5-4AB3-B46A-94466B65C50C}"
EndProject
Project("{FAE04EC0-301F-11D3-BF4B-00C04F79EFBC}") = "Core", "..\..\Api\Core\Core\Core.csproj", "{F8F85DD7-1FF6-4DC6-A320-2B3727781FB7}"
EndProject
Global
	GlobalSection(SolutionConfigurationPlatforms) = preSolution
		Debug|Any CPU = Debug|Any CPU
		Release|Any CPU = Release|Any CPU
	EndGlobalSection
	GlobalSection(ProjectConfigurationPlatforms) = postSolution
		{C4016923-223D-4989-B5BA-784735F3D9D7}.Debug|Any CPU.ActiveCfg = Debug|Any CPU
		{C4016923-223D-4989-B5BA-784735F3D9D7}.Debug|Any CPU.Build.0 = Debug|Any CPU
		{C4016923-223D-4989-B5BA-784735F3D9D7}.Release|Any CPU.ActiveCfg = Release|Any CPU
		{C4016923-223D-4989-B5BA-784735F3D9D7}.Release|Any CPU.Build.0 = Release|Any CPU
		{96EC7F83-D9E5-4AB3-B46A-94466B65C50C}.Debug|Any CPU.ActiveCfg = Debug|Any CPU
		{96EC7F83-D9E5-4AB3-B46A-94466B65C50C}.Debug|Any CPU.Build.0 = Debug|Any CPU
		{96EC7F83-D9E5-4AB3-B46A-94466B65C50C}.Release|Any CPU.ActiveCfg = Release|Any CPU
		{96EC7F83-D9E5-4AB3-B46A-94466B65C50C}.Release|Any CPU.Build.0 = Release|Any CPU
		{F8F85DD7-1FF6-4DC6-A320-2B3727781FB7}.Debug|Any CPU.ActiveCfg = Debug|Any CPU
		{F8F85DD7-1FF6-4DC6-A320-2B3727781FB7}.Debug|Any CPU.Build.0 = Debug|Any CPU
		{F8F85DD7-1FF6-4DC6-A320-2B3727781FB7}.Release|Any CPU.ActiveCfg = Release|Any CPU
		{F8F85DD7-1FF6-4DC6-A320-2B3727781FB7}.Release|Any CPU.Build.0 = Release|Any CPU
	EndGlobalSection
	GlobalSection(SolutionProperties) = preSolution
		HideSolutionNode = FALSE
	EndGlobalSection
	GlobalSection(ExtensibilityGlobals) = postSolution
		SolutionGuid = {724EA53C-1E16-49AD-B010-B9155E82A2E8}
	EndGlobalSection
EndGlobal
